
Microsoft Visual Studio Solution File, Format Version 12.00
# Visual Studio Version 17
VisualStudioVersion = 17.0.31903.59
MinimumVisualStudioVersion = 10.0.40219.1
Project("{2150E333-8FDC-42A3-9474-1A3956D46DE8}") = "src", "src", "{9CCCB104-FA58-4A68-A73B-E85DD94F1C21}"
EndProject
Project("{FAE04EC0-301F-11D3-BF4B-00C04F79EFBC}") = "AuctionService", "src\AuctionService\AuctionService.csproj", "{78553021-7DCF-4932-995B-86981619F98E}"
EndProject
Project("{FAE04EC0-301F-11D3-BF4B-00C04F79EFBC}") = "SearchService", "src\SearchService\SearchService.csproj", "{7DB103F8-4289-49FE-959C-3A1E996E3E8C}"
EndProject
Project("{FAE04EC0-301F-11D3-BF4B-00C04F79EFBC}") = "Contracts", "src\Contracts\Contracts.csproj", "{BBF05BF7-94DC-43B8-82CE-D9DB10750D56}"
EndProject
Project("{FAE04EC0-301F-11D3-BF4B-00C04F79EFBC}") = "IdentityService", "src\IdentityService\IdentityService.csproj", "{0381E654-BF32-4D1F-9515-E92447263CEA}"
EndProject
Project("{FAE04EC0-301F-11D3-BF4B-00C04F79EFBC}") = "GatewayService", "src\GatewayService\GatewayService.csproj", "{907663EB-B386-42CF-B0B0-66198BCE21C0}"
EndProject
Project("{FAE04EC0-301F-11D3-BF4B-00C04F79EFBC}") = "BiddingService", "src\BiddingService\BiddingService.csproj", "{A08BD56E-D801-430F-9BB0-116126BFA9CA}"
EndProject
Project("{FAE04EC0-301F-11D3-BF4B-00C04F79EFBC}") = "NotificationService", "src\NotificationService\NotificationService.csproj", "{6FC0AA2B-9442-44A6-AC56-0A992CAE0C5B}"
EndProject
Global
	GlobalSection(SolutionConfigurationPlatforms) = preSolution
		Debug|Any CPU = Debug|Any CPU
		Release|Any CPU = Release|Any CPU
	EndGlobalSection
	GlobalSection(SolutionProperties) = preSolution
		HideSolutionNode = FALSE
	EndGlobalSection
	GlobalSection(ProjectConfigurationPlatforms) = postSolution
		{78553021-7DCF-4932-995B-86981619F98E}.Debug|Any CPU.ActiveCfg = Debug|Any CPU
		{78553021-7DCF-4932-995B-86981619F98E}.Debug|Any CPU.Build.0 = Debug|Any CPU
		{78553021-7DCF-4932-995B-86981619F98E}.Release|Any CPU.ActiveCfg = Release|Any CPU
		{78553021-7DCF-4932-995B-86981619F98E}.Release|Any CPU.Build.0 = Release|Any CPU
		{7DB103F8-4289-49FE-959C-3A1E996E3E8C}.Debug|Any CPU.ActiveCfg = Debug|Any CPU
		{7DB103F8-4289-49FE-959C-3A1E996E3E8C}.Debug|Any CPU.Build.0 = Debug|Any CPU
		{7DB103F8-4289-49FE-959C-3A1E996E3E8C}.Release|Any CPU.ActiveCfg = Release|Any CPU
		{7DB103F8-4289-49FE-959C-3A1E996E3E8C}.Release|Any CPU.Build.0 = Release|Any CPU
		{BBF05BF7-94DC-43B8-82CE-D9DB10750D56}.Debug|Any CPU.ActiveCfg = Debug|Any CPU
		{BBF05BF7-94DC-43B8-82CE-D9DB10750D56}.Debug|Any CPU.Build.0 = Debug|Any CPU
		{BBF05BF7-94DC-43B8-82CE-D9DB10750D56}.Release|Any CPU.ActiveCfg = Release|Any CPU
		{BBF05BF7-94DC-43B8-82CE-D9DB10750D56}.Release|Any CPU.Build.0 = Release|Any CPU
		{0381E654-BF32-4D1F-9515-E92447263CEA}.Debug|Any CPU.ActiveCfg = Debug|Any CPU
		{0381E654-BF32-4D1F-9515-E92447263CEA}.Debug|Any CPU.Build.0 = Debug|Any CPU
		{0381E654-BF32-4D1F-9515-E92447263CEA}.Release|Any CPU.ActiveCfg = Release|Any CPU
		{0381E654-BF32-4D1F-9515-E92447263CEA}.Release|Any CPU.Build.0 = Release|Any CPU
		{907663EB-B386-42CF-B0B0-66198BCE21C0}.Debug|Any CPU.ActiveCfg = Debug|Any CPU
		{907663EB-B386-42CF-B0B0-66198BCE21C0}.Debug|Any CPU.Build.0 = Debug|Any CPU
		{907663EB-B386-42CF-B0B0-66198BCE21C0}.Release|Any CPU.ActiveCfg = Release|Any CPU
		{907663EB-B386-42CF-B0B0-66198BCE21C0}.Release|Any CPU.Build.0 = Release|Any CPU
		{A08BD56E-D801-430F-9BB0-116126BFA9CA}.Debug|Any CPU.ActiveCfg = Debug|Any CPU
		{A08BD56E-D801-430F-9BB0-116126BFA9CA}.Debug|Any CPU.Build.0 = Debug|Any CPU
		{A08BD56E-D801-430F-9BB0-116126BFA9CA}.Release|Any CPU.ActiveCfg = Release|Any CPU
		{A08BD56E-D801-430F-9BB0-116126BFA9CA}.Release|Any CPU.Build.0 = Release|Any CPU
		{6FC0AA2B-9442-44A6-AC56-0A992CAE0C5B}.Debug|Any CPU.ActiveCfg = Debug|Any CPU
		{6FC0AA2B-9442-44A6-AC56-0A992CAE0C5B}.Debug|Any CPU.Build.0 = Debug|Any CPU
		{6FC0AA2B-9442-44A6-AC56-0A992CAE0C5B}.Release|Any CPU.ActiveCfg = Release|Any CPU
		{6FC0AA2B-9442-44A6-AC56-0A992CAE0C5B}.Release|Any CPU.Build.0 = Release|Any CPU
	EndGlobalSection
	GlobalSection(NestedProjects) = preSolution
		{78553021-7DCF-4932-995B-86981619F98E} = {9CCCB104-FA58-4A68-A73B-E85DD94F1C21}
		{7DB103F8-4289-49FE-959C-3A1E996E3E8C} = {9CCCB104-FA58-4A68-A73B-E85DD94F1C21}
		{BBF05BF7-94DC-43B8-82CE-D9DB10750D56} = {9CCCB104-FA58-4A68-A73B-E85DD94F1C21}
		{0381E654-BF32-4D1F-9515-E92447263CEA} = {9CCCB104-FA58-4A68-A73B-E85DD94F1C21}
		{907663EB-B386-42CF-B0B0-66198BCE21C0} = {9CCCB104-FA58-4A68-A73B-E85DD94F1C21}
		{A08BD56E-D801-430F-9BB0-116126BFA9CA} = {9CCCB104-FA58-4A68-A73B-E85DD94F1C21}
		{6FC0AA2B-9442-44A6-AC56-0A992CAE0C5B} = {9CCCB104-FA58-4A68-A73B-E85DD94F1C21}
	EndGlobalSection
EndGlobal
